<?xml version="1.0" encoding="utf-8"?>
<Project ToolsVersion="4.0" xmlns="http://schemas.microsoft.com/developer/msbuild/2003">
  <ItemGroup>
    <Filter Include="Source Files">
      <UniqueIdentifier>{4FC737F1-C7A5-4376-A066-2A32D752A2FF}</UniqueIdentifier>
      <Extensions>cpp;c;cc;cxx;def;odl;idl;hpj;bat;asm;asmx</Extensions>
    </Filter>
    <Filter Include="Header Files">
      <UniqueIdentifier>{93995380-89BD-4b04-88EB-625FBE52EBFB}</UniqueIdentifier>
      <Extensions>h;hh;hpp;hxx;hm;inl;inc;xsd</Extensions>
    </Filter>
    <Filter Include="Resource Files">
      <UniqueIdentifier>{67DA6AB6-F800-4c08-8B7A-83BB121AAD01}</UniqueIdentifier>
      <Extensions>rc;ico;cur;bmp;dlg;rc2;rct;bin;rgs;gif;jpg;jpeg;jpe;resx;tiff;tif;png;wav;mfcribbon-ms</Extensions>
    </Filter>
    <Filter Include="CoinCore">
      <UniqueIdentifier>{8a488599-4457-4acc-8f14-92011c3866df}</UniqueIdentifier>
    </Filter>
    <Filter Include="misc">
      <UniqueIdentifier>{509a2194-efab-49df-bdf3-230a28e4495d}</UniqueIdentifier>
    </Filter>
    <Filter Include="CoinDB">
      <UniqueIdentifier>{663a52cb-1c99-4e1c-b196-3fed533b3f66}</UniqueIdentifier>
    </Filter>
    <Filter Include="CoinQ">
      <UniqueIdentifier>{a9cc6538-0253-45b5-ad6b-de5ed4a524a2}</UniqueIdentifier>
    </Filter>
    <Filter Include="Source Files\odb">
      <UniqueIdentifier>{bd0c8904-a9e7-4c68-aeb1-f198e5cbedd0}</UniqueIdentifier>
    </Filter>
    <Filter Include="odb">
      <UniqueIdentifier>{53237cfe-4a7d-4d6e-b759-6ed9a8126c10}</UniqueIdentifier>
    </Filter>
    <Filter Include="Source Files\moc">
      <UniqueIdentifier>{1d7d92bc-384f-45f0-b654-ba4c5c559743}</UniqueIdentifier>
    </Filter>
    <Filter Include="logger">
      <UniqueIdentifier>{19371532-891d-43a6-a4a1-2f2d514bb0de}</UniqueIdentifier>
    </Filter>
    <Filter Include="odb-sqlite">
      <UniqueIdentifier>{b88b56db-44c1-4078-ba77-53cc5b7068b9}</UniqueIdentifier>
    </Filter>
    <Filter Include="odb\details">
      <UniqueIdentifier>{b7324549-9d42-46e1-8460-e82fb6e37491}</UniqueIdentifier>
    </Filter>
    <Filter Include="odb\details\win32">
      <UniqueIdentifier>{3cf64c88-b057-4281-a2a4-28cb5fc1bd45}</UniqueIdentifier>
    </Filter>
    <Filter Include="odb-sqlite\details">
      <UniqueIdentifier>{a72a638a-fe23-4cc3-b0f0-a8114fc33e98}</UniqueIdentifier>
    </Filter>
    <Filter Include="CoinCore\hashfunc">
      <UniqueIdentifier>{c6696228-4a97-403d-87cc-110382f34809}</UniqueIdentifier>
    </Filter>
    <Filter Include="libext">
      <UniqueIdentifier>{59e12424-3510-4e7e-98e4-3c5d6aff42cb}</UniqueIdentifier>
    </Filter>
    <Filter Include="libext\x86x64">
      <UniqueIdentifier>{87eacd86-859d-4dd3-b425-c6f81f3017f9}</UniqueIdentifier>
    </Filter>
    <Filter Include="qrencode">
      <UniqueIdentifier>{e6346457-745f-45d3-b7e6-9184698a2f1a}</UniqueIdentifier>
    </Filter>
    <Filter Include="Source Files\res">
      <UniqueIdentifier>{26b3de62-79a3-4374-af29-57ce462800c0}</UniqueIdentifier>
    </Filter>
    <Filter Include="CoinCore\H">
      <UniqueIdentifier>{5e1f0459-f891-4ed1-a058-a663f9317625}</UniqueIdentifier>
    </Filter>
  </ItemGroup>
  <ItemGroup>
    <ClCompile Include="src\mainwindow.cpp">
      <Filter>Source Files</Filter>
    </ClCompile>
    <ClCompile Include="deps\CoinCore\src\CoinNodeData.cpp">
      <Filter>CoinCore</Filter>
    </ClCompile>
    <ClCompile Include="misc\groestlcoin-multisig.cpp">
      <Filter>misc</Filter>
    </ClCompile>
    <ClCompile Include="deps\CoinCore\src\IPv6.cpp">
      <Filter>CoinCore</Filter>
    </ClCompile>
    <ClCompile Include="deps\CoinCore\src\MerkleTree.cpp">
      <Filter>CoinCore</Filter>
    </ClCompile>
    <ClCompile Include="deps\CoinDB\src\Vault.cpp">
      <Filter>CoinDB</Filter>
    </ClCompile>
    <ClCompile Include="deps\CoinDB\src\SynchedVault.cpp">
      <Filter>CoinDB</Filter>
    </ClCompile>
    <ClCompile Include="src\accountmodel.cpp">
      <Filter>Source Files</Filter>
    </ClCompile>
    <ClCompile Include="src\networksync.cpp">
      <Filter>Source Files</Filter>
    </ClCompile>
    <ClCompile Include="src\passphrasedialog.cpp">
      <Filter>Source Files</Filter>
    </ClCompile>
    <ClCompile Include="src\keychainmodel.cpp">
      <Filter>Source Files</Filter>
    </ClCompile>
    <ClCompile Include="misc\stdafx.cpp">
      <Filter>misc</Filter>
    </ClCompile>
    <ClCompile Include="deps\CoinQ\src\CoinQ_spv_client.cpp">
      <Filter>CoinQ</Filter>
    </ClCompile>
    <ClCompile Include="deps\CoinDB\src\Schema.cpp">
      <Filter>CoinDB</Filter>
    </ClCompile>
    <ClCompile Include="src\quicknewaccountdialog.cpp">
      <Filter>Source Files</Filter>
    </ClCompile>
    <ClCompile Include="deps\CoinQ\src\CoinQ_script.cpp">
      <Filter>CoinQ</Filter>
    </ClCompile>
    <ClCompile Include="src\stylesheets.cpp">
      <Filter>Source Files</Filter>
    </ClCompile>
    <ClCompile Include="odb\Schema-odb-sqlite.cxx">
      <Filter>Source Files\odb</Filter>
    </ClCompile>
    <ClCompile Include="src\currencyunitdialog.cpp">
      <Filter>Source Files</Filter>
    </ClCompile>
    <ClCompile Include="deps\CoinCore\src\hdkeys.cpp">
      <Filter>CoinCore</Filter>
    </ClCompile>
    <ClCompile Include="deps\CoinCore\src\aes.cpp">
      <Filter>CoinCore</Filter>
    </ClCompile>
    <ClCompile Include="deps\CoinCore\src\BloomFilter.cpp">
      <Filter>CoinCore</Filter>
    </ClCompile>
    <ClCompile Include="deps\CoinCore\src\secp256k1.cpp">
      <Filter>CoinCore</Filter>
    </ClCompile>
    <ClCompile Include="deps\CoinQ\src\CoinQ_netsync.cpp">
      <Filter>CoinQ</Filter>
    </ClCompile>
    <ClCompile Include="src\moc\moc_accountmodel.cpp">
      <Filter>Source Files\moc</Filter>
    </ClCompile>
    <ClCompile Include="deps\logger\src\logger.cpp">
      <Filter>logger</Filter>
    </ClCompile>
    <ClCompile Include="deps\CoinQ\src\CoinQ_blocks.cpp">
      <Filter>CoinQ</Filter>
    </ClCompile>
    <ClCompile Include="foreign\odb\exceptions.cxx">
      <Filter>Source Files</Filter>
    </ClCompile>
    <ClCompile Include="src\coinparams.cpp">
      <Filter>Source Files</Filter>
    </ClCompile>
    <ClCompile Include="src\requestpaymentdialog.cpp">
      <Filter>Source Files</Filter>
    </ClCompile>
    <ClCompile Include="src\rawtxdialog.cpp">
      <Filter>Source Files</Filter>
    </ClCompile>
    <ClCompile Include="src\txactions.cpp">
      <Filter>Source Files</Filter>
    </ClCompile>
    <ClCompile Include="src\keychainview.cpp">
      <Filter>Source Files</Filter>
    </ClCompile>
    <ClCompile Include="foreign\odb\sqlite\statement.cxx">
      <Filter>odb-sqlite</Filter>
    </ClCompile>
    <ClCompile Include="foreign\odb\session.cxx">
      <Filter>odb</Filter>
    </ClCompile>
    <ClCompile Include="foreign\odb\sqlite\exceptions.cxx">
      <Filter>odb-sqlite</Filter>
    </ClCompile>
    <ClCompile Include="foreign\odb\sqlite\query.cxx">
      <Filter>odb-sqlite</Filter>
    </ClCompile>
    <ClCompile Include="foreign\odb\sqlite\database.cxx">
      <Filter>odb-sqlite</Filter>
    </ClCompile>
    <ClCompile Include="foreign\odb\database.cxx">
      <Filter>odb</Filter>
    </ClCompile>
    <ClCompile Include="foreign\odb\transaction.cxx">
      <Filter>odb</Filter>
    </ClCompile>
    <ClCompile Include="foreign\odb\details\shared-ptr\base.cxx">
      <Filter>odb</Filter>
    </ClCompile>
    <ClCompile Include="foreign\odb\schema-catalog.cxx">
      <Filter>odb</Filter>
    </ClCompile>
    <ClCompile Include="foreign\odb\sqlite\traits.cxx">
      <Filter>odb-sqlite</Filter>
    </ClCompile>
    <ClCompile Include="deps\CoinQ\src\CoinQ_peer_io.cpp">
      <Filter>CoinQ</Filter>
    </ClCompile>
    <ClCompile Include="foreign\odb\sqlite\transaction-impl.cxx">
      <Filter>odb-sqlite</Filter>
    </ClCompile>
    <ClCompile Include="foreign\odb\details\buffer.cxx">
      <Filter>odb</Filter>
    </ClCompile>
    <ClCompile Include="foreign\odb\connection.cxx">
      <Filter>odb</Filter>
    </ClCompile>
    <ClCompile Include="foreign\odb\sqlite\statement-cache.cxx">
      <Filter>odb-sqlite</Filter>
    </ClCompile>
    <ClCompile Include="foreign\odb\details\win32\exceptions.cxx">
      <Filter>odb\details\win32</Filter>
    </ClCompile>
    <ClCompile Include="foreign\odb\sqlite\connection-factory.cxx">
      <Filter>odb-sqlite</Filter>
    </ClCompile>
    <ClCompile Include="foreign\odb\sqlite\transaction.cxx">
      <Filter>odb-sqlite</Filter>
    </ClCompile>
    <ClCompile Include="foreign\odb\sqlite\details\options.cxx">
      <Filter>odb-sqlite\details</Filter>
    </ClCompile>
    <ClCompile Include="foreign\odb\statement-processing.cxx">
      <Filter>odb</Filter>
    </ClCompile>
    <ClCompile Include="deps\CoinQ\src\CoinQ_coinparams.cpp">
      <Filter>CoinQ</Filter>
    </ClCompile>
    <ClCompile Include="src\moc\moc_keychainmodel.cpp">
      <Filter>Source Files\moc</Filter>
    </ClCompile>
    <ClCompile Include="src\txmodel.cpp">
      <Filter>Source Files</Filter>
    </ClCompile>
    <ClCompile Include="src\setpassphrasedialog.cpp">
      <Filter>Source Files</Filter>
    </ClCompile>
    <ClCompile Include="src\moc\moc_signaturedialog.cpp">
      <Filter>Source Files\moc</Filter>
    </ClCompile>
    <ClCompile Include="src\accountview.cpp">
      <Filter>Source Files</Filter>
    </ClCompile>
    <ClCompile Include="src\moc\moc_mainwindow.cpp">
      <Filter>Source Files\moc</Filter>
    </ClCompile>
    <ClCompile Include="src\moc\moc_currencyunitdialog.cpp">
      <Filter>Source Files\moc</Filter>
    </ClCompile>
    <ClCompile Include="foreign\odb\result.cxx">
      <Filter>odb</Filter>
    </ClCompile>
    <ClCompile Include="deps\CoinCore\src\hashfunc\groestl.c">
      <Filter>CoinCore\hashfunc</Filter>
    </ClCompile>
    <ClCompile Include="src\moc\moc_txmodel.cpp">
      <Filter>Source Files\moc</Filter>
    </ClCompile>
    <ClCompile Include="src\signaturedialog.cpp">
      <Filter>Source Files</Filter>
    </ClCompile>
    <ClCompile Include="src\moc\moc_requestpaymentdialog.cpp">
      <Filter>Source Files\moc</Filter>
    </ClCompile>
    <ClCompile Include="src\keychainbackupdialog.cpp">
      <Filter>Source Files</Filter>
    </ClCompile>
    <ClCompile Include="src\viewbip39dialog.cpp">
      <Filter>Source Files</Filter>
    </ClCompile>
    <ClCompile Include="src\scriptdialog.cpp">
      <Filter>Source Files</Filter>
    </ClCompile>
    <ClCompile Include="src\createtxdialog.cpp">
      <Filter>Source Files</Filter>
    </ClCompile>
    <ClCompile Include="src\moc\moc_accountview.cpp">
      <Filter>Source Files\moc</Filter>
    </ClCompile>
    <ClCompile Include="foreign\odb\sqlite\connection.cxx">
      <Filter>odb-sqlite</Filter>
    </ClCompile>
    <ClCompile Include="foreign\odb\details\condition.cxx">
      <Filter>odb\details</Filter>
    </ClCompile>
    <ClCompile Include="foreign\odb\sqlite\statements-base.cxx">
      <Filter>odb-sqlite</Filter>
    </ClCompile>
    <ClCompile Include="foreign\odb\prepared-query.cxx">
      <Filter>odb</Filter>
    </ClCompile>
    <ClCompile Include="foreign\odb\details\win32\condition.cxx">
      <Filter>odb\details\win32</Filter>
    </ClCompile>
    <ClCompile Include="src\moc\moc_createtxdialog.cpp">
      <Filter>Source Files\moc</Filter>
    </ClCompile>
    <ClCompile Include="src\unspenttxoutview.cpp">
      <Filter>Source Files</Filter>
    </ClCompile>
    <ClCompile Include="src\scriptmodel.cpp">
      <Filter>Source Files</Filter>
    </ClCompile>
    <ClCompile Include="src\moc\moc_setpassphrasedialog.cpp">
      <Filter>Source Files\moc</Filter>
    </ClCompile>
    <ClCompile Include="src\moc\moc_viewbip39dialog.cpp">
      <Filter>Source Files\moc</Filter>
    </ClCompile>
    <ClCompile Include="src\moc\moc_txactions.cpp">
      <Filter>Source Files\moc</Filter>
    </ClCompile>
    <ClCompile Include="src\moc\moc_quicknewaccountdialog.cpp">
      <Filter>Source Files\moc</Filter>
    </ClCompile>
    <ClCompile Include="src\docdir.cpp">
      <Filter>Source Files</Filter>
    </ClCompile>
    <ClCompile Include="src\networksettingsdialog.cpp">
      <Filter>Source Files</Filter>
    </ClCompile>
    <ClCompile Include="src\moc\moc_keychainview.cpp">
      <Filter>Source Files\moc</Filter>
    </ClCompile>
    <ClCompile Include="foreign\odb\sqlite\error.cxx">
      <Filter>odb-sqlite</Filter>
    </ClCompile>
    <ClCompile Include="src\unspenttxoutmodel.cpp">
      <Filter>Source Files</Filter>
    </ClCompile>
    <ClCompile Include="foreign\odb\statement.cxx">
      <Filter>odb</Filter>
    </ClCompile>
    <ClCompile Include="src\numberformats.cpp">
      <Filter>Source Files</Filter>
    </ClCompile>
    <ClCompile Include="src\moc\moc_keychainbackupdialog.cpp">
      <Filter>Source Files\moc</Filter>
    </ClCompile>
    <ClCompile Include="src\moc\moc_txview.cpp">
      <Filter>Source Files\moc</Filter>
    </ClCompile>
    <ClCompile Include="src\aboutdialog.cpp">
      <Filter>Source Files</Filter>
    </ClCompile>
    <ClCompile Include="src\newkeychaindialog.cpp">
      <Filter>Source Files</Filter>
    </ClCompile>
    <ClCompile Include="src\importbip32dialog.cpp">
      <Filter>Source Files</Filter>
    </ClCompile>
    <ClCompile Include="src\moc\moc_rawtxdialog.cpp">
      <Filter>Source Files\moc</Filter>
    </ClCompile>
    <ClCompile Include="src\moc\moc_scriptview.cpp">
      <Filter>Source Files\moc</Filter>
    </ClCompile>
    <ClCompile Include="src\scriptview.cpp">
      <Filter>Source Files</Filter>
    </ClCompile>
    <ClCompile Include="src\moc\moc_unspenttxoutmodel.cpp">
      <Filter>Source Files\moc</Filter>
    </ClCompile>
    <ClCompile Include="src\entropysource.cpp">
      <Filter>Source Files</Filter>
    </ClCompile>
    <ClCompile Include="src\signatureview.cpp">
      <Filter>Source Files</Filter>
    </ClCompile>
    <ClCompile Include="deps\qrencode-3.4.3\qrencode.c">
      <Filter>qrencode</Filter>
    </ClCompile>
    <ClCompile Include="deps\qrencode-3.4.3\qrinput.c">
      <Filter>qrencode</Filter>
    </ClCompile>
    <ClCompile Include="deps\qrencode-3.4.3\mmask.c">
      <Filter>qrencode</Filter>
    </ClCompile>
    <ClCompile Include="foreign\odb\sqlite\simple-object-statements.cxx">
      <Filter>odb-sqlite</Filter>
    </ClCompile>
    <ClCompile Include="src\moc\moc_aboutdialog.cpp">
      <Filter>Source Files\moc</Filter>
    </ClCompile>
    <ClCompile Include="src\settings.cpp">
      <Filter>Source Files</Filter>
    </ClCompile>
    <ClCompile Include="src\versioninfo.cpp">
      <Filter>Source Files</Filter>
    </ClCompile>
    <ClCompile Include="src\currencyvalidator.cpp">
      <Filter>Source Files</Filter>
    </ClCompile>
    <ClCompile Include="src\moc\moc_importbip32dialog.cpp">
      <Filter>Source Files\moc</Filter>
    </ClCompile>
    <ClCompile Include="src\paymentrequest.cpp">
      <Filter>Source Files</Filter>
    </ClCompile>
    <ClCompile Include="src\txview.cpp">
      <Filter>Source Files</Filter>
    </ClCompile>
    <ClCompile Include="src\newaccountdialog.cpp">
      <Filter>Source Files</Filter>
    </ClCompile>
    <ClCompile Include="src\moc\moc_networksettingsdialog.cpp">
      <Filter>Source Files\moc</Filter>
    </ClCompile>
    <ClCompile Include="src\moc\moc_newkeychaindialog.cpp">
      <Filter>Source Files\moc</Filter>
    </ClCompile>
    <ClCompile Include="src\moc\moc_passphrasedialog.cpp">
      <Filter>Source Files\moc</Filter>
    </ClCompile>
    <ClCompile Include="src\moc\moc_scriptdialog.cpp">
      <Filter>Source Files\moc</Filter>
    </ClCompile>
    <ClCompile Include="src\moc\moc_signatureview.cpp">
      <Filter>Source Files\moc</Filter>
    </ClCompile>
    <ClCompile Include="src\moc\moc_txsearchdialog.cpp">
      <Filter>Source Files\moc</Filter>
    </ClCompile>
    <ClCompile Include="src\moc\moc_unspenttxoutview.cpp">
      <Filter>Source Files\moc</Filter>
    </ClCompile>
    <ClCompile Include="deps\CoinCore\src\bip39.cpp">
      <Filter>CoinCore</Filter>
    </ClCompile>
    <ClCompile Include="src\main.cpp">
      <Filter>Source Files</Filter>
    </ClCompile>
    <ClCompile Include="src\txsearchdialog.cpp">
      <Filter>Source Files</Filter>
    </ClCompile>
    <ClCompile Include="src\moc\moc_signatureactions.cpp">
      <Filter>Source Files\moc</Filter>
    </ClCompile>
    <ClCompile Include="src\signaturemodel.cpp">
      <Filter>Source Files</Filter>
    </ClCompile>
    <ClCompile Include="src\moc\moc_scriptmodel.cpp">
      <Filter>Source Files\moc</Filter>
    </ClCompile>
    <ClCompile Include="src\signatureactions.cpp">
      <Filter>Source Files</Filter>
    </ClCompile>
    <ClCompile Include="src\moc\moc_signaturemodel.cpp">
      <Filter>Source Files\moc</Filter>
    </ClCompile>
    <ClCompile Include="src\moc\moc_newaccountdialog.cpp">
      <Filter>Source Files\moc</Filter>
    </ClCompile>
    <ClCompile Include="src\commandserver.cpp">
      <Filter>Source Files</Filter>
    </ClCompile>
    <ClCompile Include="deps\qrencode-3.4.3\bitstream.c">
      <Filter>qrencode</Filter>
    </ClCompile>
    <ClCompile Include="deps\qrencode-3.4.3\split.c">
      <Filter>qrencode</Filter>
    </ClCompile>
    <ClCompile Include="deps\qrencode-3.4.3\mqrspec.c">
      <Filter>qrencode</Filter>
    </ClCompile>
    <ClCompile Include="src\copyrightinfo.cpp">
      <Filter>Source Files</Filter>
    </ClCompile>
    <ClCompile Include="deps\qrencode-3.4.3\qrspec.c">
      <Filter>qrencode</Filter>
    </ClCompile>
    <ClCompile Include="src\splashscreen.cpp">
      <Filter>Source Files</Filter>
    </ClCompile>
    <ClCompile Include="src\hexvalidator.cpp">
      <Filter>Source Files</Filter>
    </ClCompile>
    <ClCompile Include="src\moc\moc_splashscreen.cpp">
      <Filter>Source Files\moc</Filter>
    </ClCompile>
    <ClCompile Include="src\importbip39dialog.cpp">
      <Filter>Source Files</Filter>
    </ClCompile>
    <ClCompile Include="src\viewbip32dialog.cpp">
      <Filter>Source Files</Filter>
    </ClCompile>
    <ClCompile Include="src\acceptlicensedialog.cpp">
      <Filter>Source Files</Filter>
    </ClCompile>
    <ClCompile Include="src\networkselectiondialog.cpp">
      <Filter>Source Files</Filter>
    </ClCompile>
    <ClCompile Include="src\moc\moc_currencyvalidator.cpp">
      <Filter>Source Files\moc</Filter>
    </ClCompile>
    <ClCompile Include="src\moc\moc_commandserver.cpp">
      <Filter>Source Files\moc</Filter>
    </ClCompile>
    <ClCompile Include="deps\qrencode-3.4.3\rscode.c">
      <Filter>qrencode</Filter>
    </ClCompile>
    <ClCompile Include="deps\qrencode-3.4.3\mask.c">
      <Filter>qrencode</Filter>
    </ClCompile>
    <ClCompile Include="src\moc\moc_viewbip32dialog.cpp">
      <Filter>Source Files\moc</Filter>
    </ClCompile>
    <ClCompile Include="src\moc\moc_networkselectiondialog.cpp">
      <Filter>Source Files\moc</Filter>
    </ClCompile>
    <ClCompile Include="src\moc\moc_hexvalidator.cpp">
      <Filter>Source Files\moc</Filter>
    </ClCompile>
    <ClCompile Include="src\entropydialog.cpp">
      <Filter>Source Files</Filter>
    </ClCompile>
    <ClCompile Include="src\moc\moc_acceptlicensedialog.cpp">
      <Filter>Source Files\moc</Filter>
    </ClCompile>
    <ClCompile Include="src\moc\moc_entropydialog.cpp">
      <Filter>Source Files\moc</Filter>
    </ClCompile>
    <ClCompile Include="src\moc\moc_importbip39dialog.cpp">
      <Filter>Source Files\moc</Filter>
    </ClCompile>
    <ClCompile Include="src\filesystem.cpp">
      <Filter>Source Files</Filter>
    </ClCompile>
    <ClCompile Include="res\res_coinvault.cpp">
      <Filter>Source Files\res</Filter>
    </ClCompile>
    <ClCompile Include="src\keychainbackupwizard.cpp">
      <Filter>Source Files</Filter>
    </ClCompile>
    <ClCompile Include="src\moc\moc_keychainbackupwizard.cpp">
      <Filter>Source Files\moc</Filter>
    </ClCompile>
    <ClCompile Include="src\wordlistvalidator.cpp">
      <Filter>Source Files</Filter>
    </ClCompile>
    <ClCompile Include="src\moc\moc_wordlistvalidator.cpp">
      <Filter>Source Files\moc</Filter>
    </ClCompile>
  </ItemGroup>
  <ItemGroup>
    <ClInclude Include="inc\multisig-config.h">
      <Filter>Header Files</Filter>
    </ClInclude>
    <ClInclude Include="inc\stdafx.h">
      <Filter>Header Files</Filter>
    </ClInclude>
    <ClInclude Include="deps\CoinCore\src\Base58Check.h">
      <Filter>CoinCore\H</Filter>
    </ClInclude>
    <ClInclude Include="deps\CoinCore\src\hash.h">
      <Filter>CoinCore\H</Filter>
    </ClInclude>
  </ItemGroup>
  <ItemGroup>
    <MASM Include="src\el\bignum\x86x64\bignum-x86x64.asm">
      <Filter>Source Files</Filter>
    </MASM>
  </ItemGroup>
</Project>